<?xml version="1.0" encoding="utf-8"?>
<Project ToolsVersion="4.0" xmlns="http://schemas.microsoft.com/developer/msbuild/2003">
  <ItemGroup>
    <Filter Include="Source Files">
      <UniqueIdentifier>{4FC737F1-C7A5-4376-A066-2A32D752A2FF}</UniqueIdentifier>
      <Extensions>cpp;c;cc;cxx;def;odl;idl;hpj;bat;asm;asmx</Extensions>
    </Filter>
    <Filter Include="Header Files">
      <UniqueIdentifier>{93995380-89BD-4b04-88EB-625FBE52EBFB}</UniqueIdentifier>
      <Extensions>h;hh;hpp;hxx;hm;inl;inc;ipp;xsd</Extensions>
    </Filter>
    <Filter Include="Resource Files">
      <UniqueIdentifier>{67DA6AB6-F800-4c08-8B7A-83BB121AAD01}</UniqueIdentifier>
      <Extensions>rc;ico;cur;bmp;dlg;rc2;rct;bin;rgs;gif;jpg;jpeg;jpe;resx;tiff;tif;png;wav;mfcribbon-ms</Extensions>
    </Filter>
    <Filter Include="Source Files\System">
      <UniqueIdentifier>{76ff3a54-fdd0-44da-8bba-2729aa304c1a}</UniqueIdentifier>
    </Filter>
    <Filter Include="Source Files\Graphics">
      <UniqueIdentifier>{5f441931-c6b7-4aaf-90d4-3ad4fcdeb944}</UniqueIdentifier>
    </Filter>
    <Filter Include="Source Files\Physics">
      <UniqueIdentifier>{e9d13ae8-c582-4fc0-891e-19ce2598fdac}</UniqueIdentifier>
    </Filter>
    <Filter Include="Source Files\SceneManager">
      <UniqueIdentifier>{cad1fe20-172e-406b-b27d-8342d277f420}</UniqueIdentifier>
    </Filter>
    <Filter Include="Source Files\Input">
      <UniqueIdentifier>{4154cc55-c376-4edb-9dee-590c25319d9f}</UniqueIdentifier>
    </Filter>
    <Filter Include="Source Files\Scenes">
      <UniqueIdentifier>{4447c93b-9421-49c3-bc6c-c4857409358d}</UniqueIdentifier>
    </Filter>
    <Filter Include="Source Files\Scenes\Setup">
      <UniqueIdentifier>{967b98a2-95df-475e-81f5-09d801764782}</UniqueIdentifier>
    </Filter>
    <Filter Include="Source Files\Object">
      <UniqueIdentifier>{c5e27030-a482-4a4f-82e7-b95bd2784c13}</UniqueIdentifier>
    </Filter>
    <Filter Include="Source Files\Object\Transform">
      <UniqueIdentifier>{5bc1d0ac-888f-49da-b193-0a8972639606}</UniqueIdentifier>
    </Filter>
    <Filter Include="Source Files\Graphics\Model">
      <UniqueIdentifier>{61b1f25f-af57-44df-9039-e518de62f1c7}</UniqueIdentifier>
    </Filter>
    <Filter Include="Source Files\Physics\Body">
      <UniqueIdentifier>{35256c98-32f8-4fdb-8ac0-454e17c7a558}</UniqueIdentifier>
    </Filter>
    <Filter Include="Source Files\Physics\Collider">
      <UniqueIdentifier>{34340f16-9a31-4318-818f-16a5d2db4c8b}</UniqueIdentifier>
    </Filter>
    <Filter Include="Source Files\Graphics\MeshManager">
      <UniqueIdentifier>{a64e28df-c933-4570-91aa-1a1a30b9ba26}</UniqueIdentifier>
    </Filter>
    <Filter Include="Source Files\Graphics\GraphicsManager">
      <UniqueIdentifier>{2c346180-6a35-4413-bab5-d13d414f5fd3}</UniqueIdentifier>
    </Filter>
    <Filter Include="Source Files\Graphics\ShaderManager">
      <UniqueIdentifier>{9ff96ee0-02a6-450c-93e1-e82f15853faa}</UniqueIdentifier>
    </Filter>
    <Filter Include="Source Files\Graphics\Camera">
      <UniqueIdentifier>{e347ebe0-349c-4835-ae03-12a3a3d3ea18}</UniqueIdentifier>
    </Filter>
    <Filter Include="Source Files\Physics\PhysicsManager">
      <UniqueIdentifier>{751a3bc0-2f0a-40c6-88fe-f1b2287bc14e}</UniqueIdentifier>
    </Filter>
    <Filter Include="Source Files\Physics\BVH">
      <UniqueIdentifier>{f19b468e-305b-4fba-8915-19eb89c91358}</UniqueIdentifier>
    </Filter>
    <Filter Include="Source Files\Physics\Collider\Sphere">
      <UniqueIdentifier>{05500c9e-21d6-441d-89a2-9d1b1c33bd88}</UniqueIdentifier>
    </Filter>
    <Filter Include="Source Files\Physics\Collider\Generic">
      <UniqueIdentifier>{65ffea2b-2b8b-42a9-8e98-a7354d93d142}</UniqueIdentifier>
    </Filter>
    <Filter Include="Source Files\IMGUI">
      <UniqueIdentifier>{c00e5bb7-6cea-45ab-b532-80f18dad5346}</UniqueIdentifier>
    </Filter>
  </ItemGroup>
  <ItemGroup>
    <ClCompile Include="..\Source\main.cpp">
      <Filter>Source Files</Filter>
    </ClCompile>
    <ClCompile Include="..\Source\System.cpp">
      <Filter>Source Files\System</Filter>
    </ClCompile>
    <ClCompile Include="..\Source\SceneManager.cpp">
      <Filter>Source Files\SceneManager</Filter>
    </ClCompile>
    <ClCompile Include="..\Source\SceneSetup.cpp">
      <Filter>Source Files\Scenes\Setup</Filter>
    </ClCompile>
    <ClCompile Include="..\Source\Transform.cpp">
      <Filter>Source Files\Object\Transform</Filter>
    </ClCompile>
    <ClCompile Include="..\Source\Object.cpp">
      <Filter>Source Files\Object</Filter>
    </ClCompile>
    <ClCompile Include="..\Source\Model.cpp">
      <Filter>Source Files\Graphics\Model</Filter>
    </ClCompile>
    <ClCompile Include="..\Source\Body.cpp">
      <Filter>Source Files\Physics\Body</Filter>
    </ClCompile>
    <ClCompile Include="..\Source\Collider.cpp">
      <Filter>Source Files\Physics\Collider</Filter>
    </ClCompile>
    <ClCompile Include="..\Source\InputManager.cpp">
      <Filter>Source Files\Input</Filter>
    </ClCompile>
    <ClCompile Include="..\Source\MeshManager.cpp">
      <Filter>Source Files\Graphics\MeshManager</Filter>
    </ClCompile>
    <ClCompile Include="..\Source\GraphicsManager.cpp">
      <Filter>Source Files\Graphics\GraphicsManager</Filter>
    </ClCompile>
    <ClCompile Include="..\Source\ShaderManager.cpp">
      <Filter>Source Files\Graphics\ShaderManager</Filter>
    </ClCompile>
    <ClCompile Include="..\Source\Camera.cpp">
      <Filter>Source Files\Graphics\Camera</Filter>
    </ClCompile>
    <ClCompile Include="..\Source\PhysicsManager.cpp">
      <Filter>Source Files\Physics\PhysicsManager</Filter>
    </ClCompile>
    <ClCompile Include="..\Source\Node.cpp">
      <Filter>Source Files\Physics\BVH</Filter>
    </ClCompile>
    <ClCompile Include="..\Source\Sphere.cpp">
      <Filter>Source Files\Physics\Collider\Sphere</Filter>
    </ClCompile>
    <ClCompile Include="..\Source\Generic.cpp">
      <Filter>Source Files\Physics\Collider\Generic</Filter>
    </ClCompile>
    <ClCompile Include="..\lib\imgui-master\imgui.cpp">
      <Filter>Source Files\IMGUI</Filter>
    </ClCompile>
    <ClCompile Include="..\lib\imgui-master\imgui_demo.cpp">
      <Filter>Source Files\IMGUI</Filter>
    </ClCompile>
    <ClCompile Include="..\lib\imgui-master\imgui_draw.cpp">
      <Filter>Source Files\IMGUI</Filter>
    </ClCompile>
    <ClCompile Include="..\lib\imgui-master\imgui_impl_glfw.cpp">
      <Filter>Source Files\IMGUI</Filter>
    </ClCompile>
    <ClCompile Include="..\lib\imgui-master\imgui_impl_opengl2.cpp">
      <Filter>Source Files\IMGUI</Filter>
    </ClCompile>
    <ClCompile Include="..\lib\imgui-master\imgui_impl_opengl3.cpp">
      <Filter>Source Files\IMGUI</Filter>
    </ClCompile>
    <ClCompile Include="..\lib\imgui-master\imgui_widgets.cpp">
      <Filter>Source Files\IMGUI</Filter>
    </ClCompile>
  </ItemGroup>
  <ItemGroup>
    <ClInclude Include="..\Source\System.h">
      <Filter>Source Files\System</Filter>
    </ClInclude>
    <ClInclude Include="..\Source\SceneManager.h">
      <Filter>Source Files\SceneManager</Filter>
    </ClInclude>
    <ClInclude Include="..\Source\SceneSetup.h">
      <Filter>Source Files\Scenes\Setup</Filter>
    </ClInclude>
    <ClInclude Include="..\Source\Transform.h">
      <Filter>Source Files\Object\Transform</Filter>
    </ClInclude>
    <ClInclude Include="..\Source\Object.h">
      <Filter>Source Files\Object</Filter>
    </ClInclude>
    <ClInclude Include="..\Source\Model.h">
      <Filter>Source Files\Graphics\Model</Filter>
    </ClInclude>
    <ClInclude Include="..\Source\Body.h">
      <Filter>Source Files\Physics\Body</Filter>
    </ClInclude>
    <ClInclude Include="..\Source\Collider.h">
      <Filter>Source Files\Physics\Collider</Filter>
    </ClInclude>
    <ClInclude Include="..\Source\InputManager.h">
      <Filter>Source Files\Input</Filter>
    </ClInclude>
    <ClInclude Include="..\Source\MeshManager.h">
      <Filter>Source Files\Graphics\MeshManager</Filter>
    </ClInclude>
    <ClInclude Include="..\Source\GraphicsManager.h">
      <Filter>Source Files\Graphics\GraphicsManager</Filter>
    </ClInclude>
    <ClInclude Include="..\Source\ShaderManager.h">
      <Filter>Source Files\Graphics\ShaderManager</Filter>
    </ClInclude>
    <ClInclude Include="..\Source\Camera.h">
      <Filter>Source Files\Graphics\Camera</Filter>
    </ClInclude>
    <ClInclude Include="..\Source\PhysicsManager.h">
      <Filter>Source Files\Physics\PhysicsManager</Filter>
    </ClInclude>
    <ClInclude Include="..\Source\Node.h">
      <Filter>Source Files\Physics\BVH</Filter>
    </ClInclude>
    <ClInclude Include="..\Source\Sphere.h">
      <Filter>Source Files\Physics\Collider\Sphere</Filter>
    </ClInclude>
    <ClInclude Include="..\Source\Jacobi.h">
      <Filter>Source Files\Physics</Filter>
    </ClInclude>
    <ClInclude Include="..\Source\Generic.h">
      <Filter>Source Files\Physics\Collider\Generic</Filter>
    </ClInclude>
    <ClInclude Include="..\Source\CollisionDetection.h">
      <Filter>Source Files\Physics\Collider</Filter>
    </ClInclude>
    <ClInclude Include="..\Source\CollisionHelperFunctions.h">
      <Filter>Source Files\Physics\Collider</Filter>
    </ClInclude>
    <ClInclude Include="..\Source\CollisionResolution.h">
      <Filter>Source Files\Physics\Collider</Filter>
    </ClInclude>
    <ClInclude Include="..\lib\imgui-master\imconfig.h">
      <Filter>Source Files\IMGUI</Filter>
    </ClInclude>
    <ClInclude Include="..\lib\imgui-master\imgui.h">
      <Filter>Source Files\IMGUI</Filter>
    </ClInclude>
    <ClInclude Include="..\lib\imgui-master\imgui_impl_glfw.h">
      <Filter>Source Files\IMGUI</Filter>
    </ClInclude>
    <ClInclude Include="..\lib\imgui-master\imgui_impl_opengl2.h">
      <Filter>Source Files\IMGUI</Filter>
    </ClInclude>
    <ClInclude Include="..\lib\imgui-master\imgui_impl_opengl3.h">
      <Filter>Source Files\IMGUI</Filter>
    </ClInclude>
    <ClInclude Include="..\lib\imgui-master\imgui_internal.h">
      <Filter>Source Files\IMGUI</Filter>
    </ClInclude>
    <ClInclude Include="..\lib\imgui-master\imstb_rectpack.h">
      <Filter>Source Files\IMGUI</Filter>
    </ClInclude>
    <ClInclude Include="..\lib\imgui-master\imstb_textedit.h">
      <Filter>Source Files\IMGUI</Filter>
    </ClInclude>
    <ClInclude Include="..\lib\imgui-master\imstb_truetype.h">
      <Filter>Source Files\IMGUI</Filter>
    </ClInclude>
  </ItemGroup>
</Project>